
Microsoft Visual Studio Solution File, Format Version 12.00
# Visual Studio Version 17
VisualStudioVersion = 17.8.34525.116
MinimumVisualStudioVersion = 10.0.40219.1
Project("{FAE04EC0-301F-11D3-BF4B-00C04F79EFBC}") = "PingPongWFP", "PingPongWFP.csproj", "{683E8AA9-97F0-41B4-8E31-E37F8514B129}"
EndProject
Global
	GlobalSection(SolutionConfigurationPlatforms) = preSolution
		Debug|Any CPU = Debug|Any CPU
		Release|Any CPU = Release|Any CPU
	EndGlobalSection
	GlobalSection(ProjectConfigurationPlatforms) = postSolution
		{683E8AA9-97F0-41B4-8E31-E37F8514B129}.Debug|Any CPU.ActiveCfg = Debug|Any CPU
		{683E8AA9-97F0-41B4-8E31-E37F8514B129}.Debug|Any CPU.Build.0 = Debug|Any CPU
		{683E8AA9-97F0-41B4-8E31-E37F8514B129}.Release|Any CPU.ActiveCfg = Release|Any CPU
		{683E8AA9-97F0-41B4-8E31-E37F8514B129}.Release|Any CPU.Build.0 = Release|Any CPU
	EndGlobalSection
	GlobalSection(SolutionProperties) = preSolution
		HideSolutionNode = FALSE
	EndGlobalSection
	GlobalSection(ExtensibilityGlobals) = postSolution
		SolutionGuid = {E8C0C40F-AEAA-4D2B-A243-0CCD19B72DC2}
	EndGlobalSection
EndGlobal
